
Microsoft Visual Studio Solution File, Format Version 12.00
# Visual Studio Version 17
VisualStudioVersion = 17.4.33403.182
MinimumVisualStudioVersion = 10.0.40219.1
Project("{9A19103F-16F7-4668-BE54-9A1E7A4F7556}") = "MokkiApp", "MokkiApp\MokkiApp.csproj", "{E626B356-C4B1-4622-B75D-A35E1A395DF2}"
EndProject
Project("{FAE04EC0-301F-11D3-BF4B-00C04F79EFBC}") = "MokkiAppTests", "MokkiAppTests\MokkiAppTests.csproj", "{629E7C82-57C8-4A46-8388-D1C3EE574761}"
EndProject
Global
	GlobalSection(SolutionConfigurationPlatforms) = preSolution
		Debug|Any CPU = Debug|Any CPU
		Release|Any CPU = Release|Any CPU
	EndGlobalSection
	GlobalSection(ProjectConfigurationPlatforms) = postSolution
		{E626B356-C4B1-4622-B75D-A35E1A395DF2}.Debug|Any CPU.ActiveCfg = Debug|Any CPU
		{E626B356-C4B1-4622-B75D-A35E1A395DF2}.Debug|Any CPU.Build.0 = Debug|Any CPU
		{E626B356-C4B1-4622-B75D-A35E1A395DF2}.Release|Any CPU.ActiveCfg = Release|Any CPU
		{E626B356-C4B1-4622-B75D-A35E1A395DF2}.Release|Any CPU.Build.0 = Release|Any CPU
		{629E7C82-57C8-4A46-8388-D1C3EE574761}.Debug|Any CPU.ActiveCfg = Debug|Any CPU
		{629E7C82-57C8-4A46-8388-D1C3EE574761}.Debug|Any CPU.Build.0 = Debug|Any CPU
		{629E7C82-57C8-4A46-8388-D1C3EE574761}.Release|Any CPU.ActiveCfg = Release|Any CPU
		{629E7C82-57C8-4A46-8388-D1C3EE574761}.Release|Any CPU.Build.0 = Release|Any CPU
	EndGlobalSection
	GlobalSection(SolutionProperties) = preSolution
		HideSolutionNode = FALSE
	EndGlobalSection
	GlobalSection(ExtensibilityGlobals) = postSolution
		SolutionGuid = {EC2573BA-0A83-4711-A814-4D4C4E1BA23D}
	EndGlobalSection
EndGlobal
